
Microsoft Visual Studio Solution File, Format Version 12.00
# Visual Studio Version 16
VisualStudioVersion = 16.0.31911.196
MinimumVisualStudioVersion = 10.0.40219.1
Project("{FAE04EC0-301F-11D3-BF4B-00C04F79EFBC}") = "AppTrucadesPerSockets", "AppTrucadesPerSockets\AppTrucadesPerSockets.csproj", "{A3D3BB27-684B-4811-AAE1-9F320209625F}"
EndProject
Global
	GlobalSection(SolutionConfigurationPlatforms) = preSolution
		Debug|Any CPU = Debug|Any CPU
		Release|Any CPU = Release|Any CPU
	EndGlobalSection
	GlobalSection(ProjectConfigurationPlatforms) = postSolution
		{A3D3BB27-684B-4811-AAE1-9F320209625F}.Debug|Any CPU.ActiveCfg = Debug|Any CPU
		{A3D3BB27-684B-4811-AAE1-9F320209625F}.Debug|Any CPU.Build.0 = Debug|Any CPU
		{A3D3BB27-684B-4811-AAE1-9F320209625F}.Release|Any CPU.ActiveCfg = Release|Any CPU
		{A3D3BB27-684B-4811-AAE1-9F320209625F}.Release|Any CPU.Build.0 = Release|Any CPU
	EndGlobalSection
	GlobalSection(SolutionProperties) = preSolution
		HideSolutionNode = FALSE
	EndGlobalSection
	GlobalSection(ExtensibilityGlobals) = postSolution
		SolutionGuid = {07DF37AB-D87E-4906-A192-FCC85995F47B}
	EndGlobalSection
EndGlobal
